{
  "pins" : [
    {
      "identity" : "maskedtextfieldswiftui",
      "kind" : "remoteSourceControl",
      "location" : "https://github.com/darealkhan/MaskedTextFieldSwiftUI.git",
      "state" : {
        "branch" : "main",
        "revision" : "0fddfb945f783f96bf36b67cc5ef0691dc933040"
      }
    }
  ],
  "version" : 2
}
