{
  "pins" : [
    {
      "identity" : "maskedtextfieldswiftui",
      "kind" : "remoteSourceControl",
      "location" : "https://github.com/darealkhan/MaskedTextFieldSwiftUI.git",
      "state" : {
        "branch" : "main",
        "revision" : "b2d5a86edd644af99c80ce9ab114e24289a3fd24"
      }
    }
  ],
  "version" : 2
}
