// !$*UTF8*$!
{
	archiveVersion = 1;
	classes = {
	};
	objectVersion = 56;
	objects = {

/* Begin PBXBuildFile section */
		B26F8A0A2B8F6A2B00DF2225 /* MaskedTextFieldSwiftUI_ExampleApp.swift in Sources */ = {isa = PBXBuildFile; fileRef = B26F8A092B8F6A2B00DF2225 /* MaskedTextFieldSwiftUI_ExampleApp.swift */; };
		B26F8A0C2B8F6A2B00DF2225 /* ContentView.swift in Sources */ = {isa = PBXBuildFile; fileRef = B26F8A0B2B8F6A2B00DF2225 /* ContentView.swift */; };
		B26F8A0E2B8F6A2B00DF2225 /* Assets.xcassets in Resources */ = {isa = PBXBuildFile; fileRef = B26F8A0D2B8F6A2B00DF2225 /* Assets.xcassets */; };
		B26F8A112B8F6A2B00DF2225 /* Preview Assets.xcassets in Resources */ = {isa = PBXBuildFile; fileRef = B26F8A102B8F6A2B00DF2225 /* Preview Assets.xcassets */; };
		B26F8A1B2B8F6A2C00DF2225 /* MaskedTextFieldSwiftUI_ExampleTests.swift in Sources */ = {isa = PBXBuildFile; fileRef = B26F8A1A2B8F6A2C00DF2225 /* MaskedTextFieldSwiftUI_ExampleTests.swift */; };
		B26F8A252B8F6A2C00DF2225 /* MaskedTextFieldSwiftUI_ExampleUITests.swift in Sources */ = {isa = PBXBuildFile; fileRef = B26F8A242B8F6A2C00DF2225 /* MaskedTextFieldSwiftUI_ExampleUITests.swift */; };
		B26F8A272B8F6A2C00DF2225 /* MaskedTextFieldSwiftUI_ExampleUITestsLaunchTests.swift in Sources */ = {isa = PBXBuildFile; fileRef = B26F8A262B8F6A2C00DF2225 /* MaskedTextFieldSwiftUI_ExampleUITestsLaunchTests.swift */; };
		B26F8A352B8F6A7200DF2225 /* MaskedTextFieldSwiftUI in Frameworks */ = {isa = PBXBuildFile; productRef = B26F8A342B8F6A7200DF2225 /* MaskedTextFieldSwiftUI */; };
/* End PBXBuildFile section */

/* Begin PBXContainerItemProxy section */
		B26F8A172B8F6A2C00DF2225 /* PBXContainerItemProxy */ = {
			isa = PBXContainerItemProxy;
			containerPortal = B26F89FE2B8F6A2B00DF2225 /* Project object */;
			proxyType = 1;
			remoteGlobalIDString = B26F8A052B8F6A2B00DF2225;
			remoteInfo = "MaskedTextFieldSwiftUI-Example";
		};
		B26F8A212B8F6A2C00DF2225 /* PBXContainerItemProxy */ = {
			isa = PBXContainerItemProxy;
			containerPortal = B26F89FE2B8F6A2B00DF2225 /* Project object */;
			proxyType = 1;
			remoteGlobalIDString = B26F8A052B8F6A2B00DF2225;
			remoteInfo = "MaskedTextFieldSwiftUI-Example";
		};
/* End PBXContainerItemProxy section */

/* Begin PBXFileReference section */
		B26F8A062B8F6A2B00DF2225 /* MaskedTextFieldSwiftUI-Example.app */ = {isa = PBXFileReference; explicitFileType = wrapper.application; includeInIndex = 0; path = "MaskedTextFieldSwiftUI-Example.app"; sourceTree = BUILT_PRODUCTS_DIR; };
		B26F8A092B8F6A2B00DF2225 /* MaskedTextFieldSwiftUI_ExampleApp.swift */ = {isa = PBXFileReference; lastKnownFileType = sourcecode.swift; path = MaskedTextFieldSwiftUI_ExampleApp.swift; sourceTree = "<group>"; };
		B26F8A0B2B8F6A2B00DF2225 /* ContentView.swift */ = {isa = PBXFileReference; lastKnownFileType = sourcecode.swift; path = ContentView.swift; sourceTree = "<group>"; };
		B26F8A0D2B8F6A2B00DF2225 /* Assets.xcassets */ = {isa = PBXFileReference; lastKnownFileType = folder.assetcatalog; path = Assets.xcassets; sourceTree = "<group>"; };
		B26F8A102B8F6A2B00DF2225 /* Preview Assets.xcassets */ = {isa = PBXFileReference; lastKnownFileType = folder.assetcatalog; path = "Preview Assets.xcassets"; sourceTree = "<group>"; };
		B26F8A162B8F6A2C00DF2225 /* MaskedTextFieldSwiftUI-ExampleTests.xctest */ = {isa = PBXFileReference; explicitFileType = wrapper.cfbundle; includeInIndex = 0; path = "MaskedTextFieldSwiftUI-ExampleTests.xctest"; sourceTree = BUILT_PRODUCTS_DIR; };
		B26F8A1A2B8F6A2C00DF2225 /* MaskedTextFieldSwiftUI_ExampleTests.swift */ = {isa = PBXFileReference; lastKnownFileType = sourcecode.swift; path = MaskedTextFieldSwiftUI_ExampleTests.swift; sourceTree = "<group>"; };
		B26F8A202B8F6A2C00DF2225 /* MaskedTextFieldSwiftUI-ExampleUITests.xctest */ = {isa = PBXFileReference; explicitFileType = wrapper.cfbundle; includeInIndex = 0; path = "MaskedTextFieldSwiftUI-ExampleUITests.xctest"; sourceTree = BUILT_PRODUCTS_DIR; };
		B26F8A242B8F6A2C00DF2225 /* MaskedTextFieldSwiftUI_ExampleUITests.swift */ = {isa = PBXFileReference; lastKnownFileType = sourcecode.swift; path = MaskedTextFieldSwiftUI_ExampleUITests.swift; sourceTree = "<group>"; };
		B26F8A262B8F6A2C00DF2225 /* MaskedTextFieldSwiftUI_ExampleUITestsLaunchTests.swift */ = {isa = PBXFileReference; lastKnownFileType = sourcecode.swift; path = MaskedTextFieldSwiftUI_ExampleUITestsLaunchTests.swift; sourceTree = "<group>"; };
/* End PBXFileReference section */

/* Begin PBXFrameworksBuildPhase section */
		B26F8A032B8F6A2B00DF2225 /* Frameworks */ = {
			isa = PBXFrameworksBuildPhase;
			buildActionMask = 2147483647;
			files = (
				B26F8A352B8F6A7200DF2225 /* MaskedTextFieldSwiftUI in Frameworks */,
			);
			runOnlyForDeploymentPostprocessing = 0;
		};
		B26F8A132B8F6A2C00DF2225 /* Frameworks */ = {
			isa = PBXFrameworksBuildPhase;
			buildActionMask = 2147483647;
			files = (
			);
			runOnlyForDeploymentPostprocessing = 0;
		};
		B26F8A1D2B8F6A2C00DF2225 /* Frameworks */ = {
			isa = PBXFrameworksBuildPhase;
			buildActionMask = 2147483647;
			files = (
			);
			runOnlyForDeploymentPostprocessing = 0;
		};
/* End PBXFrameworksBuildPhase section */

/* Begin PBXGroup section */
		B26F89FD2B8F6A2B00DF2225 = {
			isa = PBXGroup;
			children = (
				B26F8A082B8F6A2B00DF2225 /* MaskedTextFieldSwiftUI-Example */,
				B26F8A192B8F6A2C00DF2225 /* MaskedTextFieldSwiftUI-ExampleTests */,
				B26F8A232B8F6A2C00DF2225 /* MaskedTextFieldSwiftUI-ExampleUITests */,
				B26F8A072B8F6A2B00DF2225 /* Products */,
			);
			sourceTree = "<group>";
		};
		B26F8A072B8F6A2B00DF2225 /* Products */ = {
			isa = PBXGroup;
			children = (
				B26F8A062B8F6A2B00DF2225 /* MaskedTextFieldSwiftUI-Example.app */,
				B26F8A162B8F6A2C00DF2225 /* MaskedTextFieldSwiftUI-ExampleTests.xctest */,
				B26F8A202B8F6A2C00DF2225 /* MaskedTextFieldSwiftUI-ExampleUITests.xctest */,
			);
			name = Products;
			sourceTree = "<group>";
		};
		B26F8A082B8F6A2B00DF2225 /* MaskedTextFieldSwiftUI-Example */ = {
			isa = PBXGroup;
			children = (
				B26F8A092B8F6A2B00DF2225 /* MaskedTextFieldSwiftUI_ExampleApp.swift */,
				B26F8A0B2B8F6A2B00DF2225 /* ContentView.swift */,
				B26F8A0D2B8F6A2B00DF2225 /* Assets.xcassets */,
				B26F8A0F2B8F6A2B00DF2225 /* Preview Content */,
			);
			path = "MaskedTextFieldSwiftUI-Example";
			sourceTree = "<group>";
		};
		B26F8A0F2B8F6A2B00DF2225 /* Preview Content */ = {
			isa = PBXGroup;
			children = (
				B26F8A102B8F6A2B00DF2225 /* Preview Assets.xcassets */,
			);
			path = "Preview Content";
			sourceTree = "<group>";
		};
		B26F8A192B8F6A2C00DF2225 /* MaskedTextFieldSwiftUI-ExampleTests */ = {
			isa = PBXGroup;
			children = (
				B26F8A1A2B8F6A2C00DF2225 /* MaskedTextFieldSwiftUI_ExampleTests.swift */,
			);
			path = "MaskedTextFieldSwiftUI-ExampleTests";
			sourceTree = "<group>";
		};
		B26F8A232B8F6A2C00DF2225 /* MaskedTextFieldSwiftUI-ExampleUITests */ = {
			isa = PBXGroup;
			children = (
				B26F8A242B8F6A2C00DF2225 /* MaskedTextFieldSwiftUI_ExampleUITests.swift */,
				B26F8A262B8F6A2C00DF2225 /* MaskedTextFieldSwiftUI_ExampleUITestsLaunchTests.swift */,
			);
			path = "MaskedTextFieldSwiftUI-ExampleUITests";
			sourceTree = "<group>";
		};
/* End PBXGroup section */

/* Begin PBXNativeTarget section */
		B26F8A052B8F6A2B00DF2225 /* MaskedTextFieldSwiftUI-Example */ = {
			isa = PBXNativeTarget;
			buildConfigurationList = B26F8A2A2B8F6A2C00DF2225 /* Build configuration list for PBXNativeTarget "MaskedTextFieldSwiftUI-Example" */;
			buildPhases = (
				B26F8A022B8F6A2B00DF2225 /* Sources */,
				B26F8A032B8F6A2B00DF2225 /* Frameworks */,
				B26F8A042B8F6A2B00DF2225 /* Resources */,
			);
			buildRules = (
			);
			dependencies = (
			);
			name = "MaskedTextFieldSwiftUI-Example";
			packageProductDependencies = (
				B26F8A342B8F6A7200DF2225 /* MaskedTextFieldSwiftUI */,
			);
			productName = "MaskedTextFieldSwiftUI-Example";
			productReference = B26F8A062B8F6A2B00DF2225 /* MaskedTextFieldSwiftUI-Example.app */;
			productType = "com.apple.product-type.application";
		};
		B26F8A152B8F6A2C00DF2225 /* MaskedTextFieldSwiftUI-ExampleTests */ = {
			isa = PBXNativeTarget;
			buildConfigurationList = B26F8A2D2B8F6A2C00DF2225 /* Build configuration list for PBXNativeTarget "MaskedTextFieldSwiftUI-ExampleTests" */;
			buildPhases = (
				B26F8A122B8F6A2C00DF2225 /* Sources */,
				B26F8A132B8F6A2C00DF2225 /* Frameworks */,
				B26F8A142B8F6A2C00DF2225 /* Resources */,
			);
			buildRules = (
			);
			dependencies = (
				B26F8A182B8F6A2C00DF2225 /* PBXTargetDependency */,
			);
			name = "MaskedTextFieldSwiftUI-ExampleTests";
			productName = "MaskedTextFieldSwiftUI-ExampleTests";
			productReference = B26F8A162B8F6A2C00DF2225 /* MaskedTextFieldSwiftUI-ExampleTests.xctest */;
			productType = "com.apple.product-type.bundle.unit-test";
		};
		B26F8A1F2B8F6A2C00DF2225 /* MaskedTextFieldSwiftUI-ExampleUITests */ = {
			isa = PBXNativeTarget;
			buildConfigurationList = B26F8A302B8F6A2C00DF2225 /* Build configuration list for PBXNativeTarget "MaskedTextFieldSwiftUI-ExampleUITests" */;
			buildPhases = (
				B26F8A1C2B8F6A2C00DF2225 /* Sources */,
				B26F8A1D2B8F6A2C00DF2225 /* Frameworks */,
				B26F8A1E2B8F6A2C00DF2225 /* Resources */,
			);
			buildRules = (
			);
			dependencies = (
				B26F8A222B8F6A2C00DF2225 /* PBXTargetDependency */,
			);
			name = "MaskedTextFieldSwiftUI-ExampleUITests";
			productName = "MaskedTextFieldSwiftUI-ExampleUITests";
			productReference = B26F8A202B8F6A2C00DF2225 /* MaskedTextFieldSwiftUI-ExampleUITests.xctest */;
			productType = "com.apple.product-type.bundle.ui-testing";
		};
/* End PBXNativeTarget section */

/* Begin PBXProject section */
		B26F89FE2B8F6A2B00DF2225 /* Project object */ = {
			isa = PBXProject;
			attributes = {
				BuildIndependentTargetsInParallel = 1;
				LastSwiftUpdateCheck = 1520;
				LastUpgradeCheck = 1520;
				TargetAttributes = {
					B26F8A052B8F6A2B00DF2225 = {
						CreatedOnToolsVersion = 15.2;
					};
					B26F8A152B8F6A2C00DF2225 = {
						CreatedOnToolsVersion = 15.2;
						TestTargetID = B26F8A052B8F6A2B00DF2225;
					};
					B26F8A1F2B8F6A2C00DF2225 = {
						CreatedOnToolsVersion = 15.2;
						TestTargetID = B26F8A052B8F6A2B00DF2225;
					};
				};
			};
			buildConfigurationList = B26F8A012B8F6A2B00DF2225 /* Build configuration list for PBXProject "MaskedTextFieldSwiftUI-Example" */;
			compatibilityVersion = "Xcode 14.0";
			developmentRegion = en;
			hasScannedForEncodings = 0;
			knownRegions = (
				en,
				Base,
			);
			mainGroup = B26F89FD2B8F6A2B00DF2225;
			packageReferences = (
				B26F8A332B8F6A7200DF2225 /* XCRemoteSwiftPackageReference "MaskedTextFieldSwiftUI" */,
			);
			productRefGroup = B26F8A072B8F6A2B00DF2225 /* Products */;
			projectDirPath = "";
			projectRoot = "";
			targets = (
				B26F8A052B8F6A2B00DF2225 /* MaskedTextFieldSwiftUI-Example */,
				B26F8A152B8F6A2C00DF2225 /* MaskedTextFieldSwiftUI-ExampleTests */,
				B26F8A1F2B8F6A2C00DF2225 /* MaskedTextFieldSwiftUI-ExampleUITests */,
			);
		};
/* End PBXProject section */

/* Begin PBXResourcesBuildPhase section */
		B26F8A042B8F6A2B00DF2225 /* Resources */ = {
			isa = PBXResourcesBuildPhase;
			buildActionMask = 2147483647;
			files = (
				B26F8A112B8F6A2B00DF2225 /* Preview Assets.xcassets in Resources */,
				B26F8A0E2B8F6A2B00DF2225 /* Assets.xcassets in Resources */,
			);
			runOnlyForDeploymentPostprocessing = 0;
		};
		B26F8A142B8F6A2C00DF2225 /* Resources */ = {
			isa = PBXResourcesBuildPhase;
			buildActionMask = 2147483647;
			files = (
			);
			runOnlyForDeploymentPostprocessing = 0;
		};
		B26F8A1E2B8F6A2C00DF2225 /* Resources */ = {
			isa = PBXResourcesBuildPhase;
			buildActionMask = 2147483647;
			files = (
			);
			runOnlyForDeploymentPostprocessing = 0;
		};
/* End PBXResourcesBuildPhase section */

/* Begin PBXSourcesBuildPhase section */
		B26F8A022B8F6A2B00DF2225 /* Sources */ = {
			isa = PBXSourcesBuildPhase;
			buildActionMask = 2147483647;
			files = (
				B26F8A0C2B8F6A2B00DF2225 /* ContentView.swift in Sources */,
				B26F8A0A2B8F6A2B00DF2225 /* MaskedTextFieldSwiftUI_ExampleApp.swift in Sources */,
			);
			runOnlyForDeploymentPostprocessing = 0;
		};
		B26F8A122B8F6A2C00DF2225 /* Sources */ = {
			isa = PBXSourcesBuildPhase;
			buildActionMask = 2147483647;
			files = (
				B26F8A1B2B8F6A2C00DF2225 /* MaskedTextFieldSwiftUI_ExampleTests.swift in Sources */,
			);
			runOnlyForDeploymentPostprocessing = 0;
		};
		B26F8A1C2B8F6A2C00DF2225 /* Sources */ = {
			isa = PBXSourcesBuildPhase;
			buildActionMask = 2147483647;
			files = (
				B26F8A272B8F6A2C00DF2225 /* MaskedTextFieldSwiftUI_ExampleUITestsLaunchTests.swift in Sources */,
				B26F8A252B8F6A2C00DF2225 /* MaskedTextFieldSwiftUI_ExampleUITests.swift in Sources */,
			);
			runOnlyForDeploymentPostprocessing = 0;
		};
/* End PBXSourcesBuildPhase section */

/* Begin PBXTargetDependency section */
		B26F8A182B8F6A2C00DF2225 /* PBXTargetDependency */ = {
			isa = PBXTargetDependency;
			target = B26F8A052B8F6A2B00DF2225 /* MaskedTextFieldSwiftUI-Example */;
			targetProxy = B26F8A172B8F6A2C00DF2225 /* PBXContainerItemProxy */;
		};
		B26F8A222B8F6A2C00DF2225 /* PBXTargetDependency */ = {
			isa = PBXTargetDependency;
			target = B26F8A052B8F6A2B00DF2225 /* MaskedTextFieldSwiftUI-Example */;
			targetProxy = B26F8A212B8F6A2C00DF2225 /* PBXContainerItemProxy */;
		};
/* End PBXTargetDependency section */

/* Begin XCBuildConfiguration section */
		B26F8A282B8F6A2C00DF2225 /* Debug */ = {
			isa = XCBuildConfiguration;
			buildSettings = {
				ALWAYS_SEARCH_USER_PATHS = NO;
				ASSETCATALOG_COMPILER_GENERATE_SWIFT_ASSET_SYMBOL_EXTENSIONS = YES;
				CLANG_ANALYZER_NONNULL = YES;
				CLANG_ANALYZER_NUMBER_OBJECT_CONVERSION = YES_AGGRESSIVE;
				CLANG_CXX_LANGUAGE_STANDARD = "gnu++20";
				CLANG_ENABLE_MODULES = YES;
				CLANG_ENABLE_OBJC_ARC = YES;
				CLANG_ENABLE_OBJC_WEAK = YES;
				CLANG_WARN_BLOCK_CAPTURE_AUTORELEASING = YES;
				CLANG_WARN_BOOL_CONVERSION = YES;
				CLANG_WARN_COMMA = YES;
				CLANG_WARN_CONSTANT_CONVERSION = YES;
				CLANG_WARN_DEPRECATED_OBJC_IMPLEMENTATIONS = YES;
				CLANG_WARN_DIRECT_OBJC_ISA_USAGE = YES_ERROR;
				CLANG_WARN_DOCUMENTATION_COMMENTS = YES;
				CLANG_WARN_EMPTY_BODY = YES;
				CLANG_WARN_ENUM_CONVERSION = YES;
				CLANG_WARN_INFINITE_RECURSION = YES;
				CLANG_WARN_INT_CONVERSION = YES;
				CLANG_WARN_NON_LITERAL_NULL_CONVERSION = YES;
				CLANG_WARN_OBJC_IMPLICIT_RETAIN_SELF = YES;
				CLANG_WARN_OBJC_LITERAL_CONVERSION = YES;
				CLANG_WARN_OBJC_ROOT_CLASS = YES_ERROR;
				CLANG_WARN_QUOTED_INCLUDE_IN_FRAMEWORK_HEADER = YES;
				CLANG_WARN_RANGE_LOOP_ANALYSIS = YES;
				CLANG_WARN_STRICT_PROTOTYPES = YES;
				CLANG_WARN_SUSPICIOUS_MOVE = YES;
				CLANG_WARN_UNGUARDED_AVAILABILITY = YES_AGGRESSIVE;
				CLANG_WARN_UNREACHABLE_CODE = YES;
				CLANG_WARN__DUPLICATE_METHOD_MATCH = YES;
				COPY_PHASE_STRIP = NO;
				DEBUG_INFORMATION_FORMAT = dwarf;
				ENABLE_STRICT_OBJC_MSGSEND = YES;
				ENABLE_TESTABILITY = YES;
				ENABLE_USER_SCRIPT_SANDBOXING = YES;
				GCC_C_LANGUAGE_STANDARD = gnu17;
				GCC_DYNAMIC_NO_PIC = NO;
				GCC_NO_COMMON_BLOCKS = YES;
				GCC_OPTIMIZATION_LEVEL = 0;
				GCC_PREPROCESSOR_DEFINITIONS = (
					"DEBUG=1",
					"$(inherited)",
				);
				GCC_WARN_64_TO_32_BIT_CONVERSION = YES;
				GCC_WARN_ABOUT_RETURN_TYPE = YES_ERROR;
				GCC_WARN_UNDECLARED_SELECTOR = YES;
				GCC_WARN_UNINITIALIZED_AUTOS = YES_AGGRESSIVE;
				GCC_WARN_UNUSED_FUNCTION = YES;
				GCC_WARN_UNUSED_VARIABLE = YES;
				IPHONEOS_DEPLOYMENT_TARGET = 17.2;
				LOCALIZATION_PREFERS_STRING_CATALOGS = YES;
				MTL_ENABLE_DEBUG_INFO = INCLUDE_SOURCE;
				MTL_FAST_MATH = YES;
				ONLY_ACTIVE_ARCH = YES;
				SDKROOT = iphoneos;
				SWIFT_ACTIVE_COMPILATION_CONDITIONS = "DEBUG $(inherited)";
				SWIFT_OPTIMIZATION_LEVEL = "-Onone";
			};
			name = Debug;
		};
		B26F8A292B8F6A2C00DF2225 /* Release */ = {
			isa = XCBuildConfiguration;
			buildSettings = {
				ALWAYS_SEARCH_USER_PATHS = NO;
				ASSETCATALOG_COMPILER_GENERATE_SWIFT_ASSET_SYMBOL_EXTENSIONS = YES;
				CLANG_ANALYZER_NONNULL = YES;
				CLANG_ANALYZER_NUMBER_OBJECT_CONVERSION = YES_AGGRESSIVE;
				CLANG_CXX_LANGUAGE_STANDARD = "gnu++20";
				CLANG_ENABLE_MODULES = YES;
				CLANG_ENABLE_OBJC_ARC = YES;
				CLANG_ENABLE_OBJC_WEAK = YES;
				CLANG_WARN_BLOCK_CAPTURE_AUTORELEASING = YES;
				CLANG_WARN_BOOL_CONVERSION = YES;
				CLANG_WARN_COMMA = YES;
				CLANG_WARN_CONSTANT_CONVERSION = YES;
				CLANG_WARN_DEPRECATED_OBJC_IMPLEMENTATIONS = YES;
				CLANG_WARN_DIRECT_OBJC_ISA_USAGE = YES_ERROR;
				CLANG_WARN_DOCUMENTATION_COMMENTS = YES;
				CLANG_WARN_EMPTY_BODY = YES;
				CLANG_WARN_ENUM_CONVERSION = YES;
				CLANG_WARN_INFINITE_RECURSION = YES;
				CLANG_WARN_INT_CONVERSION = YES;
				CLANG_WARN_NON_LITERAL_NULL_CONVERSION = YES;
				CLANG_WARN_OBJC_IMPLICIT_RETAIN_SELF = YES;
				CLANG_WARN_OBJC_LITERAL_CONVERSION = YES;
				CLANG_WARN_OBJC_ROOT_CLASS = YES_ERROR;
				CLANG_WARN_QUOTED_INCLUDE_IN_FRAMEWORK_HEADER = YES;
				CLANG_WARN_RANGE_LOOP_ANALYSIS = YES;
				CLANG_WARN_STRICT_PROTOTYPES = YES;
				CLANG_WARN_SUSPICIOUS_MOVE = YES;
				CLANG_WARN_UNGUARDED_AVAILABILITY = YES_AGGRESSIVE;
				CLANG_WARN_UNREACHABLE_CODE = YES;
				CLANG_WARN__DUPLICATE_METHOD_MATCH = YES;
				COPY_PHASE_STRIP = NO;
				DEBUG_INFORMATION_FORMAT = "dwarf-with-dsym";
				ENABLE_NS_ASSERTIONS = NO;
				ENABLE_STRICT_OBJC_MSGSEND = YES;
				ENABLE_USER_SCRIPT_SANDBOXING = YES;
				GCC_C_LANGUAGE_STANDARD = gnu17;
				GCC_NO_COMMON_BLOCKS = YES;
				GCC_WARN_64_TO_32_BIT_CONVERSION = YES;
				GCC_WARN_ABOUT_RETURN_TYPE = YES_ERROR;
				GCC_WARN_UNDECLARED_SELECTOR = YES;
				GCC_WARN_UNINITIALIZED_AUTOS = YES_AGGRESSIVE;
				GCC_WARN_UNUSED_FUNCTION = YES;
				GCC_WARN_UNUSED_VARIABLE = YES;
				IPHONEOS_DEPLOYMENT_TARGET = 17.2;
				LOCALIZATION_PREFERS_STRING_CATALOGS = YES;
				MTL_ENABLE_DEBUG_INFO = NO;
				MTL_FAST_MATH = YES;
				SDKROOT = iphoneos;
				SWIFT_COMPILATION_MODE = wholemodule;
				VALIDATE_PRODUCT = YES;
			};
			name = Release;
		};
		B26F8A2B2B8F6A2C00DF2225 /* Debug */ = {
			isa = XCBuildConfiguration;
			buildSettings = {
				ASSETCATALOG_COMPILER_APPICON_NAME = AppIcon;
				ASSETCATALOG_COMPILER_GLOBAL_ACCENT_COLOR_NAME = AccentColor;
				CODE_SIGN_STYLE = Automatic;
				CURRENT_PROJECT_VERSION = 1;
				DEVELOPMENT_ASSET_PATHS = "\"MaskedTextFieldSwiftUI-Example/Preview Content\"";
				DEVELOPMENT_TEAM = M4D9WCCL22;
				ENABLE_PREVIEWS = YES;
				GENERATE_INFOPLIST_FILE = YES;
				INFOPLIST_KEY_UIApplicationSceneManifest_Generation = YES;
				INFOPLIST_KEY_UIApplicationSupportsIndirectInputEvents = YES;
				INFOPLIST_KEY_UILaunchScreen_Generation = YES;
				INFOPLIST_KEY_UISupportedInterfaceOrientations_iPad = "UIInterfaceOrientationPortrait UIInterfaceOrientationPortraitUpsideDown UIInterfaceOrientationLandscapeLeft UIInterfaceOrientationLandscapeRight";
				INFOPLIST_KEY_UISupportedInterfaceOrientations_iPhone = "UIInterfaceOrientationPortrait UIInterfaceOrientationLandscapeLeft UIInterfaceOrientationLandscapeRight";
				LD_RUNPATH_SEARCH_PATHS = (
					"$(inherited)",
					"@executable_path/Frameworks",
				);
				MARKETING_VERSION = 1.0;
				PRODUCT_BUNDLE_IDENTIFIER = "aykhansafarli.MaskedTextFieldSwiftUI-Example";
				PRODUCT_NAME = "$(TARGET_NAME)";
				SWIFT_EMIT_LOC_STRINGS = YES;
				SWIFT_VERSION = 5.0;
				TARGETED_DEVICE_FAMILY = "1,2";
			};
			name = Debug;
		};
		B26F8A2C2B8F6A2C00DF2225 /* Release */ = {
			isa = XCBuildConfiguration;
			buildSettings = {
				ASSETCATALOG_COMPILER_APPICON_NAME = AppIcon;
				ASSETCATALOG_COMPILER_GLOBAL_ACCENT_COLOR_NAME = AccentColor;
				CODE_SIGN_STYLE = Automatic;
				CURRENT_PROJECT_VERSION = 1;
				DEVELOPMENT_ASSET_PATHS = "\"MaskedTextFieldSwiftUI-Example/Preview Content\"";
				DEVELOPMENT_TEAM = M4D9WCCL22;
				ENABLE_PREVIEWS = YES;
				GENERATE_INFOPLIST_FILE = YES;
				INFOPLIST_KEY_UIApplicationSceneManifest_Generation = YES;
				INFOPLIST_KEY_UIApplicationSupportsIndirectInputEvents = YES;
				INFOPLIST_KEY_UILaunchScreen_Generation = YES;
				INFOPLIST_KEY_UISupportedInterfaceOrientations_iPad = "UIInterfaceOrientationPortrait UIInterfaceOrientationPortraitUpsideDown UIInterfaceOrientationLandscapeLeft UIInterfaceOrientationLandscapeRight";
				INFOPLIST_KEY_UISupportedInterfaceOrientations_iPhone = "UIInterfaceOrientationPortrait UIInterfaceOrientationLandscapeLeft UIInterfaceOrientationLandscapeRight";
				LD_RUNPATH_SEARCH_PATHS = (
					"$(inherited)",
					"@executable_path/Frameworks",
				);
				MARKETING_VERSION = 1.0;
				PRODUCT_BUNDLE_IDENTIFIER = "aykhansafarli.MaskedTextFieldSwiftUI-Example";
				PRODUCT_NAME = "$(TARGET_NAME)";
				SWIFT_EMIT_LOC_STRINGS = YES;
				SWIFT_VERSION = 5.0;
				TARGETED_DEVICE_FAMILY = "1,2";
			};
			name = Release;
		};
		B26F8A2E2B8F6A2C00DF2225 /* Debug */ = {
			isa = XCBuildConfiguration;
			buildSettings = {
				ALWAYS_EMBED_SWIFT_STANDARD_LIBRARIES = YES;
				BUNDLE_LOADER = "$(TEST_HOST)";
				CODE_SIGN_STYLE = Automatic;
				CURRENT_PROJECT_VERSION = 1;
				DEVELOPMENT_TEAM = M4D9WCCL22;
				GENERATE_INFOPLIST_FILE = YES;
				IPHONEOS_DEPLOYMENT_TARGET = 17.2;
				MARKETING_VERSION = 1.0;
				PRODUCT_BUNDLE_IDENTIFIER = "aykhansafarli.MaskedTextFieldSwiftUI-ExampleTests";
				PRODUCT_NAME = "$(TARGET_NAME)";
				SWIFT_EMIT_LOC_STRINGS = NO;
				SWIFT_VERSION = 5.0;
				TARGETED_DEVICE_FAMILY = "1,2";
				TEST_HOST = "$(BUILT_PRODUCTS_DIR)/MaskedTextFieldSwiftUI-Example.app/$(BUNDLE_EXECUTABLE_FOLDER_PATH)/MaskedTextFieldSwiftUI-Example";
			};
			name = Debug;
		};
		B26F8A2F2B8F6A2C00DF2225 /* Release */ = {
			isa = XCBuildConfiguration;
			buildSettings = {
				ALWAYS_EMBED_SWIFT_STANDARD_LIBRARIES = YES;
				BUNDLE_LOADER = "$(TEST_HOST)";
				CODE_SIGN_STYLE = Automatic;
				CURRENT_PROJECT_VERSION = 1;
				DEVELOPMENT_TEAM = M4D9WCCL22;
				GENERATE_INFOPLIST_FILE = YES;
				IPHONEOS_DEPLOYMENT_TARGET = 17.2;
				MARKETING_VERSION = 1.0;
				PRODUCT_BUNDLE_IDENTIFIER = "aykhansafarli.MaskedTextFieldSwiftUI-ExampleTests";
				PRODUCT_NAME = "$(TARGET_NAME)";
				SWIFT_EMIT_LOC_STRINGS = NO;
				SWIFT_VERSION = 5.0;
				TARGETED_DEVICE_FAMILY = "1,2";
				TEST_HOST = "$(BUILT_PRODUCTS_DIR)/MaskedTextFieldSwiftUI-Example.app/$(BUNDLE_EXECUTABLE_FOLDER_PATH)/MaskedTextFieldSwiftUI-Example";
			};
			name = Release;
		};
		B26F8A312B8F6A2C00DF2225 /* Debug */ = {
			isa = XCBuildConfiguration;
			buildSettings = {
				ALWAYS_EMBED_SWIFT_STANDARD_LIBRARIES = YES;
				CODE_SIGN_STYLE = Automatic;
				CURRENT_PROJECT_VERSION = 1;
				DEVELOPMENT_TEAM = M4D9WCCL22;
				GENERATE_INFOPLIST_FILE = YES;
				MARKETING_VERSION = 1.0;
				PRODUCT_BUNDLE_IDENTIFIER = "aykhansafarli.MaskedTextFieldSwiftUI-ExampleUITests";
				PRODUCT_NAME = "$(TARGET_NAME)";
				SWIFT_EMIT_LOC_STRINGS = NO;
				SWIFT_VERSION = 5.0;
				TARGETED_DEVICE_FAMILY = "1,2";
				TEST_TARGET_NAME = "MaskedTextFieldSwiftUI-Example";
			};
			name = Debug;
		};
		B26F8A322B8F6A2C00DF2225 /* Release */ = {
			isa = XCBuildConfiguration;
			buildSettings = {
				ALWAYS_EMBED_SWIFT_STANDARD_LIBRARIES = YES;
				CODE_SIGN_STYLE = Automatic;
				CURRENT_PROJECT_VERSION = 1;
				DEVELOPMENT_TEAM = M4D9WCCL22;
				GENERATE_INFOPLIST_FILE = YES;
				MARKETING_VERSION = 1.0;
				PRODUCT_BUNDLE_IDENTIFIER = "aykhansafarli.MaskedTextFieldSwiftUI-ExampleUITests";
				PRODUCT_NAME = "$(TARGET_NAME)";
				SWIFT_EMIT_LOC_STRINGS = NO;
				SWIFT_VERSION = 5.0;
				TARGETED_DEVICE_FAMILY = "1,2";
				TEST_TARGET_NAME = "MaskedTextFieldSwiftUI-Example";
			};
			name = Release;
		};
/* End XCBuildConfiguration section */

/* Begin XCConfigurationList section */
		B26F8A012B8F6A2B00DF2225 /* Build configuration list for PBXProject "MaskedTextFieldSwiftUI-Example" */ = {
			isa = XCConfigurationList;
			buildConfigurations = (
				B26F8A282B8F6A2C00DF2225 /* Debug */,
				B26F8A292B8F6A2C00DF2225 /* Release */,
			);
			defaultConfigurationIsVisible = 0;
			defaultConfigurationName = Release;
		};
		B26F8A2A2B8F6A2C00DF2225 /* Build configuration list for PBXNativeTarget "MaskedTextFieldSwiftUI-Example" */ = {
			isa = XCConfigurationList;
			buildConfigurations = (
				B26F8A2B2B8F6A2C00DF2225 /* Debug */,
				B26F8A2C2B8F6A2C00DF2225 /* Release */,
			);
			defaultConfigurationIsVisible = 0;
			defaultConfigurationName = Release;
		};
		B26F8A2D2B8F6A2C00DF2225 /* Build configuration list for PBXNativeTarget "MaskedTextFieldSwiftUI-ExampleTests" */ = {
			isa = XCConfigurationList;
			buildConfigurations = (
				B26F8A2E2B8F6A2C00DF2225 /* Debug */,
				B26F8A2F2B8F6A2C00DF2225 /* Release */,
			);
			defaultConfigurationIsVisible = 0;
			defaultConfigurationName = Release;
		};
		B26F8A302B8F6A2C00DF2225 /* Build configuration list for PBXNativeTarget "MaskedTextFieldSwiftUI-ExampleUITests" */ = {
			isa = XCConfigurationList;
			buildConfigurations = (
				B26F8A312B8F6A2C00DF2225 /* Debug */,
				B26F8A322B8F6A2C00DF2225 /* Release */,
			);
			defaultConfigurationIsVisible = 0;
			defaultConfigurationName = Release;
		};
/* End XCConfigurationList section */

/* Begin XCRemoteSwiftPackageReference section */
		B26F8A332B8F6A7200DF2225 /* XCRemoteSwiftPackageReference "MaskedTextFieldSwiftUI" */ = {
			isa = XCRemoteSwiftPackageReference;
			repositoryURL = "https://github.com/darealkhan/MaskedTextFieldSwiftUI.git";
			requirement = {
				branch = main;
				kind = branch;
			};
		};
/* End XCRemoteSwiftPackageReference section */

/* Begin XCSwiftPackageProductDependency section */
		B26F8A342B8F6A7200DF2225 /* MaskedTextFieldSwiftUI */ = {
			isa = XCSwiftPackageProductDependency;
			package = B26F8A332B8F6A7200DF2225 /* XCRemoteSwiftPackageReference "MaskedTextFieldSwiftUI" */;
			productName = MaskedTextFieldSwiftUI;
		};
/* End XCSwiftPackageProductDependency section */
	};
	rootObject = B26F89FE2B8F6A2B00DF2225 /* Project object */;
}
